
Microsoft Visual Studio Solution File, Format Version 12.00
# Visual Studio Version 17
VisualStudioVersion = 17.2.32616.157
MinimumVisualStudioVersion = 10.0.40219.1
Project("{2150E333-8FDC-42A3-9474-1A3956D46DE8}") = "src", "src", "{37B101F2-7944-49BB-A529-8FA223A5991C}"
EndProject
Project("{2150E333-8FDC-42A3-9474-1A3956D46DE8}") = "Solution Items", "Solution Items", "{2038FAE0-6F32-4B04-A473-6516B2AEFF53}"
	ProjectSection(SolutionItems) = preProject
		ServiceUrls.txt = ServiceUrls.txt
	EndProjectSection
EndProject
Project("{2150E333-8FDC-42A3-9474-1A3956D46DE8}") = "ApiGateways", "ApiGateways", "{FF94131F-4E38-44D3-A49D-92DC29B2C448}"
EndProject
Project("{2150E333-8FDC-42A3-9474-1A3956D46DE8}") = "BuildingBlocks", "BuildingBlocks", "{ACCDEB7F-3E40-48DB-A51D-2850B81878F0}"
EndProject
Project("{2150E333-8FDC-42A3-9474-1A3956D46DE8}") = "Services", "Services", "{901B7A26-6345-445D-B4E3-225C765548F2}"
EndProject
Project("{2150E333-8FDC-42A3-9474-1A3956D46DE8}") = "Clients", "Clients", "{6DBFBD56-50F3-4438-A878-63AA7B9F205A}"
EndProject
Project("{2150E333-8FDC-42A3-9474-1A3956D46DE8}") = "WebApiGateway", "WebApiGateway", "{135B7D41-3EDD-43EC-AA7E-695586D682EA}"
EndProject
Project("{FAE04EC0-301F-11D3-BF4B-00C04F79EFBC}") = "Web.ApiGateway", "src\ApiGateways\WebApiGateway\Web.ApiGateway\Web.ApiGateway.csproj", "{C7763A68-1946-4EB4-8291-1E178DCCFA91}"
EndProject
Project("{2150E333-8FDC-42A3-9474-1A3956D46DE8}") = "EventBus", "EventBus", "{62D0B6C4-59E3-480B-AE20-D27B0D42DB12}"
EndProject
Project("{FAE04EC0-301F-11D3-BF4B-00C04F79EFBC}") = "EventBus.Base", "src\BuildingBlocks\EventBus\EventBus.Base\EventBus.Base.csproj", "{99722575-6E9B-4161-BDBA-D8039C1F388F}"
EndProject
Project("{FAE04EC0-301F-11D3-BF4B-00C04F79EFBC}") = "EventBus.Factory", "src\BuildingBlocks\EventBus\EventBus.Factory\EventBus.Factory.csproj", "{7EA3FEE9-7062-4DBD-A4E7-7350AAB5F8CA}"
EndProject
Project("{FAE04EC0-301F-11D3-BF4B-00C04F79EFBC}") = "EventBus.AzureServiceBus", "src\BuildingBlocks\EventBus\EventBus.AzureServiceBus\EventBus.AzureServiceBus.csproj", "{192CD924-3568-4929-BAA5-B269BF698205}"
EndProject
Project("{FAE04EC0-301F-11D3-BF4B-00C04F79EFBC}") = "EventBus.RabbitMQ", "src\BuildingBlocks\EventBus\EventBus.RabbitMQ\EventBus.RabbitMQ.csproj", "{40396EDA-76BC-43E9-9F7D-579E780F49BB}"
EndProject
Project("{2150E333-8FDC-42A3-9474-1A3956D46DE8}") = "BlazorWebApp", "BlazorWebApp", "{0E630FE1-5C70-4183-84EF-72DEC25517ED}"
EndProject
Project("{FAE04EC0-301F-11D3-BF4B-00C04F79EFBC}") = "WebApp", "src\Clients\BlazorrWebApp\WebApp\WebApp.csproj", "{4DF5F5BD-8616-4FCC-BC98-4F1138FC78CD}"
EndProject
Project("{2150E333-8FDC-42A3-9474-1A3956D46DE8}") = "BasketService", "BasketService", "{94A1266B-ADDC-422B-ACC4-ACE0E1684E97}"
EndProject
Project("{FAE04EC0-301F-11D3-BF4B-00C04F79EFBC}") = "BasketService.Api", "src\Services\BasketService\BasketService.Api\BasketService.Api.csproj", "{54757AA5-5505-4772-8ACC-84D9B9DA6588}"
EndProject
Project("{2150E333-8FDC-42A3-9474-1A3956D46DE8}") = "CatalogService", "CatalogService", "{4AE19F33-7161-47CC-8789-494A4848106E}"
EndProject
Project("{FAE04EC0-301F-11D3-BF4B-00C04F79EFBC}") = "CatalogService.Api", "src\Services\CatalogService\CatalogService.Api\CatalogService.Api.csproj", "{D6755126-9575-4B30-910D-A701008ACF6D}"
EndProject
Project("{2150E333-8FDC-42A3-9474-1A3956D46DE8}") = "IdentityServer", "IdentityServer", "{20CAB09B-442C-4C14-9CCB-B0CE5DF56CEA}"
EndProject
Project("{FAE04EC0-301F-11D3-BF4B-00C04F79EFBC}") = "IdentityService.Api", "src\Services\IdentityService\IdentityService.Api\IdentityService.Api.csproj", "{6C7A0A1A-97CB-403F-86DF-3301F9FF77C6}"
EndProject
Project("{2150E333-8FDC-42A3-9474-1A3956D46DE8}") = "NotificationService", "NotificationService", "{72FE1621-59E3-41C8-ABD9-10873EC9085A}"
EndProject
Project("{FAE04EC0-301F-11D3-BF4B-00C04F79EFBC}") = "NotificationService", "src\Services\NotificationService\NotificationService\NotificationService.csproj", "{D3205EB2-00B6-4725-9E1D-364D4AB43754}"
EndProject
Project("{2150E333-8FDC-42A3-9474-1A3956D46DE8}") = "OrderService", "OrderService", "{9E9C006E-7C2A-40C8-A39D-4AB960BA724A}"
EndProject
Global
	GlobalSection(SolutionConfigurationPlatforms) = preSolution
		Debug|Any CPU = Debug|Any CPU
		Release|Any CPU = Release|Any CPU
	EndGlobalSection
	GlobalSection(ProjectConfigurationPlatforms) = postSolution
		{C7763A68-1946-4EB4-8291-1E178DCCFA91}.Debug|Any CPU.ActiveCfg = Debug|Any CPU
		{C7763A68-1946-4EB4-8291-1E178DCCFA91}.Debug|Any CPU.Build.0 = Debug|Any CPU
		{C7763A68-1946-4EB4-8291-1E178DCCFA91}.Release|Any CPU.ActiveCfg = Release|Any CPU
		{C7763A68-1946-4EB4-8291-1E178DCCFA91}.Release|Any CPU.Build.0 = Release|Any CPU
		{99722575-6E9B-4161-BDBA-D8039C1F388F}.Debug|Any CPU.ActiveCfg = Debug|Any CPU
		{99722575-6E9B-4161-BDBA-D8039C1F388F}.Debug|Any CPU.Build.0 = Debug|Any CPU
		{99722575-6E9B-4161-BDBA-D8039C1F388F}.Release|Any CPU.ActiveCfg = Release|Any CPU
		{99722575-6E9B-4161-BDBA-D8039C1F388F}.Release|Any CPU.Build.0 = Release|Any CPU
		{7EA3FEE9-7062-4DBD-A4E7-7350AAB5F8CA}.Debug|Any CPU.ActiveCfg = Debug|Any CPU
		{7EA3FEE9-7062-4DBD-A4E7-7350AAB5F8CA}.Debug|Any CPU.Build.0 = Debug|Any CPU
		{7EA3FEE9-7062-4DBD-A4E7-7350AAB5F8CA}.Release|Any CPU.ActiveCfg = Release|Any CPU
		{7EA3FEE9-7062-4DBD-A4E7-7350AAB5F8CA}.Release|Any CPU.Build.0 = Release|Any CPU
		{192CD924-3568-4929-BAA5-B269BF698205}.Debug|Any CPU.ActiveCfg = Debug|Any CPU
		{192CD924-3568-4929-BAA5-B269BF698205}.Debug|Any CPU.Build.0 = Debug|Any CPU
		{192CD924-3568-4929-BAA5-B269BF698205}.Release|Any CPU.ActiveCfg = Release|Any CPU
		{192CD924-3568-4929-BAA5-B269BF698205}.Release|Any CPU.Build.0 = Release|Any CPU
		{40396EDA-76BC-43E9-9F7D-579E780F49BB}.Debug|Any CPU.ActiveCfg = Debug|Any CPU
		{40396EDA-76BC-43E9-9F7D-579E780F49BB}.Debug|Any CPU.Build.0 = Debug|Any CPU
		{40396EDA-76BC-43E9-9F7D-579E780F49BB}.Release|Any CPU.ActiveCfg = Release|Any CPU
		{40396EDA-76BC-43E9-9F7D-579E780F49BB}.Release|Any CPU.Build.0 = Release|Any CPU
		{4DF5F5BD-8616-4FCC-BC98-4F1138FC78CD}.Debug|Any CPU.ActiveCfg = Debug|Any CPU
		{4DF5F5BD-8616-4FCC-BC98-4F1138FC78CD}.Debug|Any CPU.Build.0 = Debug|Any CPU
		{4DF5F5BD-8616-4FCC-BC98-4F1138FC78CD}.Release|Any CPU.ActiveCfg = Release|Any CPU
		{4DF5F5BD-8616-4FCC-BC98-4F1138FC78CD}.Release|Any CPU.Build.0 = Release|Any CPU
		{54757AA5-5505-4772-8ACC-84D9B9DA6588}.Debug|Any CPU.ActiveCfg = Debug|Any CPU
		{54757AA5-5505-4772-8ACC-84D9B9DA6588}.Debug|Any CPU.Build.0 = Debug|Any CPU
		{54757AA5-5505-4772-8ACC-84D9B9DA6588}.Release|Any CPU.ActiveCfg = Release|Any CPU
		{54757AA5-5505-4772-8ACC-84D9B9DA6588}.Release|Any CPU.Build.0 = Release|Any CPU
		{D6755126-9575-4B30-910D-A701008ACF6D}.Debug|Any CPU.ActiveCfg = Debug|Any CPU
		{D6755126-9575-4B30-910D-A701008ACF6D}.Debug|Any CPU.Build.0 = Debug|Any CPU
		{D6755126-9575-4B30-910D-A701008ACF6D}.Release|Any CPU.ActiveCfg = Release|Any CPU
		{D6755126-9575-4B30-910D-A701008ACF6D}.Release|Any CPU.Build.0 = Release|Any CPU
		{6C7A0A1A-97CB-403F-86DF-3301F9FF77C6}.Debug|Any CPU.ActiveCfg = Debug|Any CPU
		{6C7A0A1A-97CB-403F-86DF-3301F9FF77C6}.Debug|Any CPU.Build.0 = Debug|Any CPU
		{6C7A0A1A-97CB-403F-86DF-3301F9FF77C6}.Release|Any CPU.ActiveCfg = Release|Any CPU
		{6C7A0A1A-97CB-403F-86DF-3301F9FF77C6}.Release|Any CPU.Build.0 = Release|Any CPU
		{D3205EB2-00B6-4725-9E1D-364D4AB43754}.Debug|Any CPU.ActiveCfg = Debug|Any CPU
		{D3205EB2-00B6-4725-9E1D-364D4AB43754}.Debug|Any CPU.Build.0 = Debug|Any CPU
		{D3205EB2-00B6-4725-9E1D-364D4AB43754}.Release|Any CPU.ActiveCfg = Release|Any CPU
		{D3205EB2-00B6-4725-9E1D-364D4AB43754}.Release|Any CPU.Build.0 = Release|Any CPU
	EndGlobalSection
	GlobalSection(SolutionProperties) = preSolution
		HideSolutionNode = FALSE
	EndGlobalSection
	GlobalSection(NestedProjects) = preSolution
		{FF94131F-4E38-44D3-A49D-92DC29B2C448} = {37B101F2-7944-49BB-A529-8FA223A5991C}
		{ACCDEB7F-3E40-48DB-A51D-2850B81878F0} = {37B101F2-7944-49BB-A529-8FA223A5991C}
		{901B7A26-6345-445D-B4E3-225C765548F2} = {37B101F2-7944-49BB-A529-8FA223A5991C}
		{6DBFBD56-50F3-4438-A878-63AA7B9F205A} = {37B101F2-7944-49BB-A529-8FA223A5991C}
		{135B7D41-3EDD-43EC-AA7E-695586D682EA} = {FF94131F-4E38-44D3-A49D-92DC29B2C448}
		{C7763A68-1946-4EB4-8291-1E178DCCFA91} = {135B7D41-3EDD-43EC-AA7E-695586D682EA}
		{62D0B6C4-59E3-480B-AE20-D27B0D42DB12} = {ACCDEB7F-3E40-48DB-A51D-2850B81878F0}
		{99722575-6E9B-4161-BDBA-D8039C1F388F} = {62D0B6C4-59E3-480B-AE20-D27B0D42DB12}
		{7EA3FEE9-7062-4DBD-A4E7-7350AAB5F8CA} = {62D0B6C4-59E3-480B-AE20-D27B0D42DB12}
		{192CD924-3568-4929-BAA5-B269BF698205} = {62D0B6C4-59E3-480B-AE20-D27B0D42DB12}
		{40396EDA-76BC-43E9-9F7D-579E780F49BB} = {62D0B6C4-59E3-480B-AE20-D27B0D42DB12}
		{0E630FE1-5C70-4183-84EF-72DEC25517ED} = {6DBFBD56-50F3-4438-A878-63AA7B9F205A}
		{4DF5F5BD-8616-4FCC-BC98-4F1138FC78CD} = {0E630FE1-5C70-4183-84EF-72DEC25517ED}
		{94A1266B-ADDC-422B-ACC4-ACE0E1684E97} = {901B7A26-6345-445D-B4E3-225C765548F2}
		{54757AA5-5505-4772-8ACC-84D9B9DA6588} = {94A1266B-ADDC-422B-ACC4-ACE0E1684E97}
		{4AE19F33-7161-47CC-8789-494A4848106E} = {901B7A26-6345-445D-B4E3-225C765548F2}
		{D6755126-9575-4B30-910D-A701008ACF6D} = {4AE19F33-7161-47CC-8789-494A4848106E}
		{20CAB09B-442C-4C14-9CCB-B0CE5DF56CEA} = {901B7A26-6345-445D-B4E3-225C765548F2}
		{6C7A0A1A-97CB-403F-86DF-3301F9FF77C6} = {20CAB09B-442C-4C14-9CCB-B0CE5DF56CEA}
		{72FE1621-59E3-41C8-ABD9-10873EC9085A} = {901B7A26-6345-445D-B4E3-225C765548F2}
		{D3205EB2-00B6-4725-9E1D-364D4AB43754} = {72FE1621-59E3-41C8-ABD9-10873EC9085A}
		{9E9C006E-7C2A-40C8-A39D-4AB960BA724A} = {901B7A26-6345-445D-B4E3-225C765548F2}
	EndGlobalSection
	GlobalSection(ExtensibilityGlobals) = postSolution
		SolutionGuid = {D552061F-903C-4496-9595-EE3023208907}
	EndGlobalSection
EndGlobal
